
Microsoft Visual Studio Solution File, Format Version 11.00
# Visual Studio 2010
Project("{F184B08F-C81C-45F6-A57F-5ABD9991F28F}") = "controle de estoque", "controle de estoque\controle de estoque.vbproj", "{C2F33F73-318E-4A23-9C12-C37A6B8971DC}"
EndProject
Global
	GlobalSection(SolutionConfigurationPlatforms) = preSolution
		Debug|Any CPU = Debug|Any CPU
		Release|Any CPU = Release|Any CPU
	EndGlobalSection
	GlobalSection(ProjectConfigurationPlatforms) = postSolution
		{C2F33F73-318E-4A23-9C12-C37A6B8971DC}.Debug|Any CPU.ActiveCfg = Debug|Any CPU
		{C2F33F73-318E-4A23-9C12-C37A6B8971DC}.Debug|Any CPU.Build.0 = Debug|Any CPU
		{C2F33F73-318E-4A23-9C12-C37A6B8971DC}.Release|Any CPU.ActiveCfg = Release|Any CPU
		{C2F33F73-318E-4A23-9C12-C37A6B8971DC}.Release|Any CPU.Build.0 = Release|Any CPU
	EndGlobalSection
	GlobalSection(SolutionProperties) = preSolution
		HideSolutionNode = FALSE
	EndGlobalSection
EndGlobal
